
Microsoft Visual Studio Solution File, Format Version 12.00
# Visual Studio Version 17
VisualStudioVersion = 17.3.32811.315
MinimumVisualStudioVersion = 10.0.40219.1
Project("{9A19103F-16F7-4668-BE54-9A1E7A4F7556}") = "ClashN", "clashN\ClashN.csproj", "{6DE127CA-1763-4236-B297-D2EF9CB2EC9B}"
EndProject
Project("{9A19103F-16F7-4668-BE54-9A1E7A4F7556}") = "ClashUpgrade", "clashUpgrade\ClashUpgrade.csproj", "{59E0AF2B-9915-47F2-9F5F-9008F47DAE5F}"
EndProject
Project("{9A19103F-16F7-4668-BE54-9A1E7A4F7556}") = "PacLib", "..\..\v2rayN\v2rayN\PacLib\PacLib.csproj", "{E27F1C24-9A0A-47D5-8723-B17D00F264FB}"
EndProject
Global
	GlobalSection(SolutionConfigurationPlatforms) = preSolution
		Debug|Any CPU = Debug|Any CPU
		Release|Any CPU = Release|Any CPU
	EndGlobalSection
	GlobalSection(ProjectConfigurationPlatforms) = postSolution
		{6DE127CA-1763-4236-B297-D2EF9CB2EC9B}.Debug|Any CPU.ActiveCfg = Debug|Any CPU
		{6DE127CA-1763-4236-B297-D2EF9CB2EC9B}.Debug|Any CPU.Build.0 = Debug|Any CPU
		{6DE127CA-1763-4236-B297-D2EF9CB2EC9B}.Release|Any CPU.ActiveCfg = Release|Any CPU
		{6DE127CA-1763-4236-B297-D2EF9CB2EC9B}.Release|Any CPU.Build.0 = Release|Any CPU
		{59E0AF2B-9915-47F2-9F5F-9008F47DAE5F}.Debug|Any CPU.ActiveCfg = Debug|Any CPU
		{59E0AF2B-9915-47F2-9F5F-9008F47DAE5F}.Debug|Any CPU.Build.0 = Debug|Any CPU
		{59E0AF2B-9915-47F2-9F5F-9008F47DAE5F}.Release|Any CPU.ActiveCfg = Release|Any CPU
		{59E0AF2B-9915-47F2-9F5F-9008F47DAE5F}.Release|Any CPU.Build.0 = Release|Any CPU
		{E27F1C24-9A0A-47D5-8723-B17D00F264FB}.Debug|Any CPU.ActiveCfg = Debug|Any CPU
		{E27F1C24-9A0A-47D5-8723-B17D00F264FB}.Debug|Any CPU.Build.0 = Debug|Any CPU
		{E27F1C24-9A0A-47D5-8723-B17D00F264FB}.Release|Any CPU.ActiveCfg = Release|Any CPU
		{E27F1C24-9A0A-47D5-8723-B17D00F264FB}.Release|Any CPU.Build.0 = Release|Any CPU
	EndGlobalSection
	GlobalSection(SolutionProperties) = preSolution
		HideSolutionNode = FALSE
	EndGlobalSection
	GlobalSection(ExtensibilityGlobals) = postSolution
		SolutionGuid = {43E06CBD-3DA9-40A3-8E4D-F0943CB0DD32}
	EndGlobalSection
EndGlobal
